
Microsoft Visual Studio Solution File, Format Version 12.00
# Visual Studio Version 17
VisualStudioVersion = 17.7.34031.279
MinimumVisualStudioVersion = 10.0.40219.1
Project("{FAE04EC0-301F-11D3-BF4B-00C04F79EFBC}") = "Inventry_managment", "Inventry_managment\Inventry_managment.csproj", "{BCCEC3F0-76A8-47A9-9308-39299B6BF384}"
EndProject
Global
	GlobalSection(SolutionConfigurationPlatforms) = preSolution
		Debug|Any CPU = Debug|Any CPU
		Release|Any CPU = Release|Any CPU
	EndGlobalSection
	GlobalSection(ProjectConfigurationPlatforms) = postSolution
		{BCCEC3F0-76A8-47A9-9308-39299B6BF384}.Debug|Any CPU.ActiveCfg = Debug|Any CPU
		{BCCEC3F0-76A8-47A9-9308-39299B6BF384}.Debug|Any CPU.Build.0 = Debug|Any CPU
		{BCCEC3F0-76A8-47A9-9308-39299B6BF384}.Release|Any CPU.ActiveCfg = Release|Any CPU
		{BCCEC3F0-76A8-47A9-9308-39299B6BF384}.Release|Any CPU.Build.0 = Release|Any CPU
	EndGlobalSection
	GlobalSection(SolutionProperties) = preSolution
		HideSolutionNode = FALSE
	EndGlobalSection
	GlobalSection(ExtensibilityGlobals) = postSolution
		SolutionGuid = {B397DCF6-EAC6-4F40-9307-6D5DFDCE3215}
	EndGlobalSection
EndGlobal
